
Microsoft Visual Studio Solution File, Format Version 12.00
# Visual Studio Version 17
VisualStudioVersion = 17.0.32014.148
MinimumVisualStudioVersion = 10.0.40219.1
Project("{FAE04EC0-301F-11D3-BF4B-00C04F79EFBC}") = "CSharpFeatures", "ConsoleApp2\CSharpFeatures.csproj", "{6423F38F-5F6F-4776-A141-E50ACF1FDF39}"
EndProject
Global
	GlobalSection(SolutionConfigurationPlatforms) = preSolution
		Debug|Any CPU = Debug|Any CPU
		Release|Any CPU = Release|Any CPU
	EndGlobalSection
	GlobalSection(ProjectConfigurationPlatforms) = postSolution
		{6423F38F-5F6F-4776-A141-E50ACF1FDF39}.Debug|Any CPU.ActiveCfg = Debug|Any CPU
		{6423F38F-5F6F-4776-A141-E50ACF1FDF39}.Debug|Any CPU.Build.0 = Debug|Any CPU
		{6423F38F-5F6F-4776-A141-E50ACF1FDF39}.Release|Any CPU.ActiveCfg = Release|Any CPU
		{6423F38F-5F6F-4776-A141-E50ACF1FDF39}.Release|Any CPU.Build.0 = Release|Any CPU
	EndGlobalSection
	GlobalSection(SolutionProperties) = preSolution
		HideSolutionNode = FALSE
	EndGlobalSection
	GlobalSection(ExtensibilityGlobals) = postSolution
		SolutionGuid = {39B33528-A432-431E-A5D6-C00139410512}
	EndGlobalSection
EndGlobal
